
Microsoft Visual Studio Solution File, Format Version 12.00
# Visual Studio Version 17
VisualStudioVersion = 17.7.34221.43
MinimumVisualStudioVersion = 10.0.40219.1
Project("{FAE04EC0-301F-11D3-BF4B-00C04F79EFBC}") = "Research-Management-System", "Research-Management-System\Research-Management-System.csproj", "{533BB903-DEEB-469E-BC26-0AC1D2A4FDF7}"
EndProject
Global
	GlobalSection(SolutionConfigurationPlatforms) = preSolution
		Debug|Any CPU = Debug|Any CPU
		Release|Any CPU = Release|Any CPU
	EndGlobalSection
	GlobalSection(ProjectConfigurationPlatforms) = postSolution
		{533BB903-DEEB-469E-BC26-0AC1D2A4FDF7}.Debug|Any CPU.ActiveCfg = Debug|Any CPU
		{533BB903-DEEB-469E-BC26-0AC1D2A4FDF7}.Debug|Any CPU.Build.0 = Debug|Any CPU
		{533BB903-DEEB-469E-BC26-0AC1D2A4FDF7}.Release|Any CPU.ActiveCfg = Release|Any CPU
		{533BB903-DEEB-469E-BC26-0AC1D2A4FDF7}.Release|Any CPU.Build.0 = Release|Any CPU
	EndGlobalSection
	GlobalSection(SolutionProperties) = preSolution
		HideSolutionNode = FALSE
	EndGlobalSection
	GlobalSection(ExtensibilityGlobals) = postSolution
		SolutionGuid = {D9F46358-9F60-475B-9447-1B2A76A1711C}
	EndGlobalSection
EndGlobal
